
Microsoft Visual Studio Solution File, Format Version 12.00
# Visual Studio Version 17
VisualStudioVersion = 17.4.33403.182
MinimumVisualStudioVersion = 10.0.40219.1
Project("{FAE04EC0-301F-11D3-BF4B-00C04F79EFBC}") = "KarimStore", "KarimStore\KarimStore.csproj", "{568003FB-9648-4384-A8CF-F2D0A5BAC324}"
EndProject
Global
	GlobalSection(SolutionConfigurationPlatforms) = preSolution
		Debug|Any CPU = Debug|Any CPU
		Release|Any CPU = Release|Any CPU
	EndGlobalSection
	GlobalSection(ProjectConfigurationPlatforms) = postSolution
		{568003FB-9648-4384-A8CF-F2D0A5BAC324}.Debug|Any CPU.ActiveCfg = Debug|Any CPU
		{568003FB-9648-4384-A8CF-F2D0A5BAC324}.Debug|Any CPU.Build.0 = Debug|Any CPU
		{568003FB-9648-4384-A8CF-F2D0A5BAC324}.Release|Any CPU.ActiveCfg = Release|Any CPU
		{568003FB-9648-4384-A8CF-F2D0A5BAC324}.Release|Any CPU.Build.0 = Release|Any CPU
	EndGlobalSection
	GlobalSection(SolutionProperties) = preSolution
		HideSolutionNode = FALSE
	EndGlobalSection
	GlobalSection(ExtensibilityGlobals) = postSolution
		SolutionGuid = {4F2D6E6C-D1AC-43A6-9BF2-9408F3B8CB30}
	EndGlobalSection
EndGlobal
